# THIS IS AN AUTOGENERATED FILE. DO NOT EDIT THIS FILE DIRECTLY.
# yarn lockfile v1


"@types/emscripten@*":
  version "1.39.5"
  resolved "https://registry.yarnpkg.com/@types/emscripten/-/emscripten-1.39.5.tgz#eb0fb1048301df980b6f8a5ec3d63f7d1572bb73"
  integrity sha512-DIOOg+POSrYl+OlNRHQuIEqCd8DCtynG57H862UCce16nXJX7J8eWxNGgOcf8Eyge8zXeSs27mz1UcFu8L/L7g==

"@types/node@*":
  version "16.10.1"
  resolved "https://registry.yarnpkg.com/@types/node/-/node-16.10.1.tgz#f3647623199ca920960006b3dccf633ea905f243"
  integrity sha512-4/Z9DMPKFexZj/Gn3LylFgamNKHm4K3QDi0gz9B26Uk0c8izYf97B5fxfpspMNkWlFupblKM/nV8+NA9Ffvr+w==

"@types/sql.js@^1.4.3":
  version "1.4.3"
  resolved "https://registry.yarnpkg.com/@types/sql.js/-/sql.js-1.4.3.tgz#190393fd9aff683b880b9fbe3b04b4f6a84c5fbd"
  integrity sha512-3bz1LJIiJtKMEL8tYf7c9Nrb1lYcFeWQkE8vhWvobE29ZzizW79DtoTjqx1bR82DS2Ch2K30nOwNhuLclZ1vYg==
  dependencies:
    "@types/emscripten" "*"
    "@types/node" "*"

sql.js@^1.6.1:
  version "1.6.1"
  resolved "https://registry.yarnpkg.com/sql.js/-/sql.js-1.6.1.tgz#710e9e4e2b061b12da6c4d10a940edb70dc82e2e"
  integrity sha512-mQTboXfaaYsqG6leg2tYHppHPShHFDP+vtPjyTBrOCM//8XvnK/OfVYQahS3g6ArvO2a6lvBsHy8w/qZ9a12DQ==
